
Microsoft Visual Studio Solution File, Format Version 12.00
# Visual Studio Version 17
VisualStudioVersion = 17.13.35828.75 d17.13
MinimumVisualStudioVersion = 10.0.40219.1
Project("{FAE04EC0-301F-11D3-BF4B-00C04F79EFBC}") = "CalamityBossLoadouts", "CalamityBossLoadouts.csproj", "{23C471A7-56B2-569C-5FBA-2F4E4E04F619}"
EndProject
Global
	GlobalSection(SolutionConfigurationPlatforms) = preSolution
		Debug|Any CPU = Debug|Any CPU
		Release|Any CPU = Release|Any CPU
	EndGlobalSection
	GlobalSection(ProjectConfigurationPlatforms) = postSolution
		{23C471A7-56B2-569C-5FBA-2F4E4E04F619}.Debug|Any CPU.ActiveCfg = Debug|Any CPU
		{23C471A7-56B2-569C-5FBA-2F4E4E04F619}.Debug|Any CPU.Build.0 = Debug|Any CPU
		{23C471A7-56B2-569C-5FBA-2F4E4E04F619}.Release|Any CPU.ActiveCfg = Release|Any CPU
		{23C471A7-56B2-569C-5FBA-2F4E4E04F619}.Release|Any CPU.Build.0 = Release|Any CPU
	EndGlobalSection
	GlobalSection(SolutionProperties) = preSolution
		HideSolutionNode = FALSE
	EndGlobalSection
	GlobalSection(ExtensibilityGlobals) = postSolution
		SolutionGuid = {97739C25-81EB-4C0C-B02F-18654839E820}
	EndGlobalSection
EndGlobal
